
Microsoft Visual Studio Solution File, Format Version 12.00
# Visual Studio Version 16
VisualStudioVersion = 16.0.31515.178
MinimumVisualStudioVersion = 10.0.40219.1
Project("{FAE04EC0-301F-11D3-BF4B-00C04F79EFBC}") = "BankLibraryAdo", "BankLibraryAdo.csproj", "{4FA4E014-3EDD-45F4-BF00-0F4B5EAD1CAF}"
EndProject
Global
	GlobalSection(SolutionConfigurationPlatforms) = preSolution
		Debug|Any CPU = Debug|Any CPU
		Release|Any CPU = Release|Any CPU
	EndGlobalSection
	GlobalSection(ProjectConfigurationPlatforms) = postSolution
		{4FA4E014-3EDD-45F4-BF00-0F4B5EAD1CAF}.Debug|Any CPU.ActiveCfg = Debug|Any CPU
		{4FA4E014-3EDD-45F4-BF00-0F4B5EAD1CAF}.Debug|Any CPU.Build.0 = Debug|Any CPU
		{4FA4E014-3EDD-45F4-BF00-0F4B5EAD1CAF}.Release|Any CPU.ActiveCfg = Release|Any CPU
		{4FA4E014-3EDD-45F4-BF00-0F4B5EAD1CAF}.Release|Any CPU.Build.0 = Release|Any CPU
	EndGlobalSection
	GlobalSection(SolutionProperties) = preSolution
		HideSolutionNode = FALSE
	EndGlobalSection
	GlobalSection(ExtensibilityGlobals) = postSolution
		SolutionGuid = {3B0EAEF7-DCBF-4771-868F-61E6581A864A}
	EndGlobalSection
EndGlobal
